
Microsoft Visual Studio Solution File, Format Version 12.00
# Visual Studio Version 17
VisualStudioVersion = 17.14.36616.10 d17.14
MinimumVisualStudioVersion = 10.0.40219.1
Project("{FAE04EC0-301F-11D3-BF4B-00C04F79EFBC}") = "AdvancedCalculator", "AdvancedCalculator.csproj", "{7ADE5B1D-9D7C-40C7-8789-C1B6DF632806}"
EndProject
Project("{FAE04EC0-301F-11D3-BF4B-00C04F79EFBC}") = "CalculatorPrivateAssembly", "..\CalculatorPrivateAssembly\CalculatorPrivateAssembly.csproj", "{B27F55F4-2C07-4D23-BEEA-2E478B14A001}"
EndProject
Global
	GlobalSection(SolutionConfigurationPlatforms) = preSolution
		Debug|Any CPU = Debug|Any CPU
		Release|Any CPU = Release|Any CPU
	EndGlobalSection
	GlobalSection(ProjectConfigurationPlatforms) = postSolution
		{7ADE5B1D-9D7C-40C7-8789-C1B6DF632806}.Debug|Any CPU.ActiveCfg = Debug|Any CPU
		{7ADE5B1D-9D7C-40C7-8789-C1B6DF632806}.Debug|Any CPU.Build.0 = Debug|Any CPU
		{7ADE5B1D-9D7C-40C7-8789-C1B6DF632806}.Release|Any CPU.ActiveCfg = Release|Any CPU
		{7ADE5B1D-9D7C-40C7-8789-C1B6DF632806}.Release|Any CPU.Build.0 = Release|Any CPU
		{B27F55F4-2C07-4D23-BEEA-2E478B14A001}.Debug|Any CPU.ActiveCfg = Debug|Any CPU
		{B27F55F4-2C07-4D23-BEEA-2E478B14A001}.Debug|Any CPU.Build.0 = Debug|Any CPU
		{B27F55F4-2C07-4D23-BEEA-2E478B14A001}.Release|Any CPU.ActiveCfg = Release|Any CPU
		{B27F55F4-2C07-4D23-BEEA-2E478B14A001}.Release|Any CPU.Build.0 = Release|Any CPU
	EndGlobalSection
	GlobalSection(SolutionProperties) = preSolution
		HideSolutionNode = FALSE
	EndGlobalSection
	GlobalSection(ExtensibilityGlobals) = postSolution
		SolutionGuid = {E3D7CDAD-DCD2-4C3B-AD8E-1EB08D1B055E}
	EndGlobalSection
EndGlobal
